{
  "name": "weekday-assignment",
  "version": "1.0.0",
  "lockfileVersion": 1,
  "requires": true,
  "dependencies": {
    "@datastructures-js/binary-search-tree": {
      "version": "4.3.1",
      "resolved": "https://registry.npmjs.org/@datastructures-js/binary-search-tree/-/binary-search-tree-4.3.1.tgz",
      "integrity": "sha512-YmxFM5zBz3E9vCnXUidDgOgUaWNqYBqjJp9EkAc3dInpNcq5qutVfJJxI3P4RDUl9DV6wzADN7shqIA1YQI93g=="
    },
    "@datastructures-js/graph": {
      "version": "5.1.1",
      "resolved": "https://registry.npmjs.org/@datastructures-js/graph/-/graph-5.1.1.tgz",
      "integrity": "sha512-sy3pTMEORBhxbdwTMqnlImbndnxmIXBOgJd9kUugYcKGiljskGLANy6ByMCodq/zIGVNDgD/FZDNZ6hmdafISw==",
      "requires": {
        "@datastructures-js/queue": "^3.1.3"
      },
      "dependencies": {
        "@datastructures-js/queue": {
          "version": "3.1.4",
          "resolved": "https://registry.npmjs.org/@datastructures-js/queue/-/queue-3.1.4.tgz",
          "integrity": "sha512-8QqkdAJQDDd25OBX28lKj7HXD+Cxs6Ee0ogJkZUjD5R1fAvRAWsrCeKop0szqANYjMwdQQd75vyc3Cm8qNJH+Q=="
        }
      }
    },
    "@datastructures-js/heap": {
      "version": "3.2.0",
      "resolved": "https://registry.npmjs.org/@datastructures-js/heap/-/heap-3.2.0.tgz",
      "integrity": "sha512-FcU5ZAyb+VIOZz1HABsJUsbJi2ZyUDO7aoe97hq4d3tK3z8nMgwdxf5bO0gafR0ExFi18YTspntqHLzt4XOgnA=="
    },
    "@datastructures-js/linked-list": {
      "version": "5.1.1",
      "resolved": "https://registry.npmjs.org/@datastructures-js/linked-list/-/linked-list-5.1.1.tgz",
      "integrity": "sha512-fj5vOozZX5Sw+Z7dJcicvQxMbWTuOizZ+dW+pMcYWMMgMiLERzJ3Zv6Tdn+VStej9ax6tq7LIQxKGiZyXMvWmg==",
      "requires": {
        "@datastructures-js/binary-search-tree": "^4.1.0"
      }
    },
    "@datastructures-js/priority-queue": {
      "version": "5.3.0",
      "resolved": "https://registry.npmjs.org/@datastructures-js/priority-queue/-/priority-queue-5.3.0.tgz",
      "integrity": "sha512-0Dl0UooE9Uzz85qBP46HTjQHS5GN7NMNluN5/nMfxQAndG/1eNBJpBntLGT5QJarvMO3poLNBJzA3S4GPajp+w==",
      "requires": {
        "@datastructures-js/heap": "^3.2.0"
      }
    },
    "@datastructures-js/queue": {
      "version": "4.1.3",
      "resolved": "https://registry.npmjs.org/@datastructures-js/queue/-/queue-4.1.3.tgz",
      "integrity": "sha512-vvtwLDJ+R53i+vXr7llIXm2cLI0LzaN9edeJ7sEzti4TQUj/3Bpgp1mJKhWA8CWpW09sysvASab0kPP2cEbjNg=="
    },
    "@datastructures-js/set": {
      "version": "4.1.1",
      "resolved": "https://registry.npmjs.org/@datastructures-js/set/-/set-4.1.1.tgz",
      "integrity": "sha512-++5tT32/hlbDyv0mgj4PQsgUG8TALtz6OnCMEbk1/dS1cFl3VUeye1Dx4af5L55UzGfCp1yknQjvRjtIkgzW2w=="
    },
    "@datastructures-js/stack": {
      "version": "3.1.2",
      "resolved": "https://registry.npmjs.org/@datastructures-js/stack/-/stack-3.1.2.tgz",
      "integrity": "sha512-lrLR7wMROZ5ad4iXoX0JktyNTg3cQTjVTlqLiqKzVNipXsyPrlUjPtUsOVLpzHPzQ3IgtDvbejrFpINLiB35vw=="
    },
    "@datastructures-js/trie": {
      "version": "4.2.0",
      "resolved": "https://registry.npmjs.org/@datastructures-js/trie/-/trie-4.2.0.tgz",
      "integrity": "sha512-IYn0XTl25ZMmBQNuw15khMPFiL9zf+poDYyWjDN1EJQrqvstSW0yX28/+EnB220bZswE0A4OvnfOWZL0xQ0qHQ=="
    },
    "@types/node": {
      "version": "17.0.4",
      "resolved": "https://registry.npmjs.org/@types/node/-/node-17.0.4.tgz",
      "integrity": "sha512-6xwbrW4JJiJLgF+zNypN5wr2ykM9/jHcL7rQ8fZe2vuftggjzZeRSM4OwRc6Xk8qWjwJ99qVHo/JgOGmomWRog=="
    },
    "datastructures-js": {
      "version": "10.1.1",
      "resolved": "https://registry.npmjs.org/datastructures-js/-/datastructures-js-10.1.1.tgz",
      "integrity": "sha512-TVfNYZxkxr9Y/YTluua7EcgVWpo97IzNpCy6C30kVJ659ha5C/4GcYZm7Iak4CWMVh+Eh2tJ75Tvrn3Us2ui4A==",
      "requires": {
        "@datastructures-js/binary-search-tree": "^4.2.2",
        "@datastructures-js/graph": "^5.1.1",
        "@datastructures-js/heap": "^3.1.1",
        "@datastructures-js/linked-list": "^5.1.1",
        "@datastructures-js/priority-queue": "^5.1.1",
        "@datastructures-js/queue": "^4.1.3",
        "@datastructures-js/set": "^4.1.1",
        "@datastructures-js/stack": "^3.1.2",
        "@datastructures-js/trie": "^4.1.1"
      }
    }
  }
}
